// !$*UTF8*$!
{
	archiveVersion = 1;
	classes = {
	};
	objectVersion = 50;
	objects = {

/* Begin PBXBuildFile section */
		0521167722D64A0C00806A5B /* LaunchScreen.png in Resources */ = {isa = PBXBuildFile; fileRef = 0521167622D64A0C00806A5B /* LaunchScreen.png */; };
		4C78F33B2142CDC2005E964B /* AppDelegate.swift in Sources */ = {isa = PBXBuildFile; fileRef = 4C78F33A2142CDC2005E964B /* AppDelegate.swift */; };
		4C78F3422142CDC2005E964B /* Assets.xcassets in Resources */ = {isa = PBXBuildFile; fileRef = 4C78F3412142CDC2005E964B /* Assets.xcassets */; };
		4C78F3452142CDC2005E964B /* LaunchScreen.storyboard in Resources */ = {isa = PBXBuildFile; fileRef = 4C78F3432142CDC2005E964B /* LaunchScreen.storyboard */; };
		FA5DBD8B251D6DB000D24FF2 /* WindBlow.swift in Sources */ = {isa = PBXBuildFile; fileRef = FA5DBD76251D6DAF00D24FF2 /* WindBlow.swift */; };
		FA5DBD8C251D6DB000D24FF2 /* CustomEasing.swift in Sources */ = {isa = PBXBuildFile; fileRef = FA5DBD77251D6DAF00D24FF2 /* CustomEasing.swift */; };
		FA5DBD8D251D6DB000D24FF2 /* ChainableTweens.swift in Sources */ = {isa = PBXBuildFile; fileRef = FA5DBD78251D6DAF00D24FF2 /* ChainableTweens.swift */; };
		FA5DBD8E251D6DB000D24FF2 /* CustomTypes.swift in Sources */ = {isa = PBXBuildFile; fileRef = FA5DBD79251D6DAF00D24FF2 /* CustomTypes.swift */; };
		FA5DBD8F251D6DB000D24FF2 /* TouchPoint.swift in Sources */ = {isa = PBXBuildFile; fileRef = FA5DBD7A251D6DAF00D24FF2 /* TouchPoint.swift */; };
		FA5DBD90251D6DB000D24FF2 /* Transform3d.swift in Sources */ = {isa = PBXBuildFile; fileRef = FA5DBD7B251D6DAF00D24FF2 /* Transform3d.swift */; };
		FA5DBD91251D6DB000D24FF2 /* DragView.swift in Sources */ = {isa = PBXBuildFile; fileRef = FA5DBD7C251D6DB000D24FF2 /* DragView.swift */; };
		FA5DBD92251D6DB000D24FF2 /* EaseCurves.swift in Sources */ = {isa = PBXBuildFile; fileRef = FA5DBD7D251D6DB000D24FF2 /* EaseCurves.swift */; };
		FA5DBD93251D6DB000D24FF2 /* TimelineBasic.swift in Sources */ = {isa = PBXBuildFile; fileRef = FA5DBD7E251D6DB000D24FF2 /* TimelineBasic.swift */; };
		FA5DBD94251D6DB000D24FF2 /* AnimateText.swift in Sources */ = {isa = PBXBuildFile; fileRef = FA5DBD7F251D6DB000D24FF2 /* AnimateText.swift */; };
		FA5DBD95251D6DB000D24FF2 /* ViewExtensions.swift in Sources */ = {isa = PBXBuildFile; fileRef = FA5DBD80251D6DB000D24FF2 /* ViewExtensions.swift */; };
		FA5DBD96251D6DB000D24FF2 /* SimpleTimeline.swift in Sources */ = {isa = PBXBuildFile; fileRef = FA5DBD81251D6DB000D24FF2 /* SimpleTimeline.swift */; };
		FA5DBD97251D6DB000D24FF2 /* TweenHandlers.swift in Sources */ = {isa = PBXBuildFile; fileRef = FA5DBD82251D6DB000D24FF2 /* TweenHandlers.swift */; };
		FA5DBD98251D6DB000D24FF2 /* CurveInspector.swift in Sources */ = {isa = PBXBuildFile; fileRef = FA5DBD83251D6DB000D24FF2 /* CurveInspector.swift */; };
		FA5DBD99251D6DB000D24FF2 /* ArcOrbits.swift in Sources */ = {isa = PBXBuildFile; fileRef = FA5DBD84251D6DB000D24FF2 /* ArcOrbits.swift */; };
		FA5DBD9A251D6DB000D24FF2 /* ScrollTimeline.swift in Sources */ = {isa = PBXBuildFile; fileRef = FA5DBD85251D6DB000D24FF2 /* ScrollTimeline.swift */; };
		FA5DBD9B251D6DB000D24FF2 /* ScrollAims.swift in Sources */ = {isa = PBXBuildFile; fileRef = FA5DBD86251D6DB000D24FF2 /* ScrollAims.swift */; };
		FA5DBD9C251D6DB000D24FF2 /* AnimateArcRadius.swift in Sources */ = {isa = PBXBuildFile; fileRef = FA5DBD87251D6DB000D24FF2 /* AnimateArcRadius.swift */; };
		FA5DBD9D251D6DB000D24FF2 /* PauseTweens.swift in Sources */ = {isa = PBXBuildFile; fileRef = FA5DBD88251D6DB000D24FF2 /* PauseTweens.swift */; };
		FA5DBD9E251D6DB000D24FF2 /* PathLoop.swift in Sources */ = {isa = PBXBuildFile; fileRef = FA5DBD89251D6DB000D24FF2 /* PathLoop.swift */; };
		FA5DBD9F251D6DB000D24FF2 /* SimpleTween.swift in Sources */ = {isa = PBXBuildFile; fileRef = FA5DBD8A251D6DB000D24FF2 /* SimpleTween.swift */; };
		FA5DBDBE251D6F6100D24FF2 /* sun.pdf in Resources */ = {isa = PBXBuildFile; fileRef = FA5DBDA0251D6F6000D24FF2 /* sun.pdf */; };
		FA5DBDBF251D6F6100D24FF2 /* little-sun-fire.pdf in Resources */ = {isa = PBXBuildFile; fileRef = FA5DBDA1251D6F6000D24FF2 /* little-sun-fire.pdf */; };
		FA5DBDC0251D6F6100D24FF2 /* eyepupil.pdf in Resources */ = {isa = PBXBuildFile; fileRef = FA5DBDA2251D6F6000D24FF2 /* eyepupil.pdf */; };
		FA5DBDC1251D6F6100D24FF2 /* saturn.pdf in Resources */ = {isa = PBXBuildFile; fileRef = FA5DBDA3251D6F6000D24FF2 /* saturn.pdf */; };
		FA5DBDC2251D6F6100D24FF2 /* bb8-body.pdf in Resources */ = {isa = PBXBuildFile; fileRef = FA5DBDA4251D6F6000D24FF2 /* bb8-body.pdf */; };
		FA5DBDC3251D6F6100D24FF2 /* moon.pdf in Resources */ = {isa = PBXBuildFile; fileRef = FA5DBDA5251D6F6000D24FF2 /* moon.pdf */; };
		FA5DBDC4251D6F6100D24FF2 /* rocket.pdf in Resources */ = {isa = PBXBuildFile; fileRef = FA5DBDA6251D6F6000D24FF2 /* rocket.pdf */; };
		FA5DBDC5251D6F6100D24FF2 /* fire.pdf in Resources */ = {isa = PBXBuildFile; fileRef = FA5DBDA7251D6F6000D24FF2 /* fire.pdf */; };
		FA5DBDC6251D6F6100D24FF2 /* flower.pdf in Resources */ = {isa = PBXBuildFile; fileRef = FA5DBDA8251D6F6000D24FF2 /* flower.pdf */; };
		FA5DBDC7251D6F6100D24FF2 /* card.pdf in Resources */ = {isa = PBXBuildFile; fileRef = FA5DBDA9251D6F6000D24FF2 /* card.pdf */; };
		FA5DBDC8251D6F6100D24FF2 /* mars.pdf in Resources */ = {isa = PBXBuildFile; fileRef = FA5DBDAA251D6F6000D24FF2 /* mars.pdf */; };
		FA5DBDC9251D6F6100D24FF2 /* bb8-head.pdf in Resources */ = {isa = PBXBuildFile; fileRef = FA5DBDAB251D6F6000D24FF2 /* bb8-head.pdf */; };
		FA5DBDCA251D6F6100D24FF2 /* little-sun.pdf in Resources */ = {isa = PBXBuildFile; fileRef = FA5DBDAC251D6F6000D24FF2 /* little-sun.pdf */; };
		FA5DBDCB251D6F6100D24FF2 /* stars.pdf in Resources */ = {isa = PBXBuildFile; fileRef = FA5DBDAD251D6F6000D24FF2 /* stars.pdf */; };
		FA5DBDCC251D6F6100D24FF2 /* comet.pdf in Resources */ = {isa = PBXBuildFile; fileRef = FA5DBDAE251D6F6000D24FF2 /* comet.pdf */; };
		FA5DBDCD251D6F6100D24FF2 /* sand.pdf in Resources */ = {isa = PBXBuildFile; fileRef = FA5DBDAF251D6F6100D24FF2 /* sand.pdf */; };
		FA5DBDCE251D6F6100D24FF2 /* jupyter.pdf in Resources */ = {isa = PBXBuildFile; fileRef = FA5DBDB0251D6F6100D24FF2 /* jupyter.pdf */; };
		FA5DBDCF251D6F6100D24FF2 /* clouds1.pdf in Resources */ = {isa = PBXBuildFile; fileRef = FA5DBDB1251D6F6100D24FF2 /* clouds1.pdf */; };
		FA5DBDD0251D6F6100D24FF2 /* orbits-background.pdf in Resources */ = {isa = PBXBuildFile; fileRef = FA5DBDB2251D6F6100D24FF2 /* orbits-background.pdf */; };
		FA5DBDD1251D6F6100D24FF2 /* little-earth.pdf in Resources */ = {isa = PBXBuildFile; fileRef = FA5DBDB3251D6F6100D24FF2 /* little-earth.pdf */; };
		FA5DBDD2251D6F6100D24FF2 /* little-saturn.pdf in Resources */ = {isa = PBXBuildFile; fileRef = FA5DBDB4251D6F6100D24FF2 /* little-saturn.pdf */; };
		FA5DBDD3251D6F6100D24FF2 /* spaceman.pdf in Resources */ = {isa = PBXBuildFile; fileRef = FA5DBDB5251D6F6100D24FF2 /* spaceman.pdf */; };
		FA5DBDD4251D6F6100D24FF2 /* sunny.pdf in Resources */ = {isa = PBXBuildFile; fileRef = FA5DBDB6251D6F6100D24FF2 /* sunny.pdf */; };
		FA5DBDD5251D6F6100D24FF2 /* bee.pdf in Resources */ = {isa = PBXBuildFile; fileRef = FA5DBDB7251D6F6100D24FF2 /* bee.pdf */; };
		FA5DBDD6251D6F6100D24FF2 /* dart.pdf in Resources */ = {isa = PBXBuildFile; fileRef = FA5DBDB8251D6F6100D24FF2 /* dart.pdf */; };
		FA5DBDD7251D6F6100D24FF2 /* clouds2.pdf in Resources */ = {isa = PBXBuildFile; fileRef = FA5DBDB9251D6F6100D24FF2 /* clouds2.pdf */; };
		FA5DBDD8251D6F6100D24FF2 /* little-jupyter.pdf in Resources */ = {isa = PBXBuildFile; fileRef = FA5DBDBA251D6F6100D24FF2 /* little-jupyter.pdf */; };
		FA5DBDD9251D6F6100D24FF2 /* ufo.pdf in Resources */ = {isa = PBXBuildFile; fileRef = FA5DBDBB251D6F6100D24FF2 /* ufo.pdf */; };
		FA5DBDDA251D6F6100D24FF2 /* earth.pdf in Resources */ = {isa = PBXBuildFile; fileRef = FA5DBDBC251D6F6100D24FF2 /* earth.pdf */; };
		FA5DBDDB251D6F6100D24FF2 /* clouds3.pdf in Resources */ = {isa = PBXBuildFile; fileRef = FA5DBDBD251D6F6100D24FF2 /* clouds3.pdf */; };
/* End PBXBuildFile section */

/* Begin PBXContainerItemProxy section */
		FA5FAA7024F184A2006091ED /* PBXContainerItemProxy */ = {
			isa = PBXContainerItemProxy;
			containerPortal = FA5FAA6924F184A2006091ED /* Tweener.xcodeproj */;
			proxyType = 2;
			remoteGlobalIDString = 05E1FA58235B73F100A948F1;
			remoteInfo = "Tweener iOS";
		};
		FA5FAA7224F184A2006091ED /* PBXContainerItemProxy */ = {
			isa = PBXContainerItemProxy;
			containerPortal = FA5FAA6924F184A2006091ED /* Tweener.xcodeproj */;
			proxyType = 2;
			remoteGlobalIDString = 05A85D00235B6C5B00348DC9;
			remoteInfo = "Tweener macOS";
		};
		FA5FAA7424F184A2006091ED /* PBXContainerItemProxy */ = {
			isa = PBXContainerItemProxy;
			containerPortal = FA5FAA6924F184A2006091ED /* Tweener.xcodeproj */;
			proxyType = 2;
			remoteGlobalIDString = 05A85D0D235B6CF500348DC9;
			remoteInfo = "Tweener watchOS";
		};
		FA5FAA7624F184A2006091ED /* PBXContainerItemProxy */ = {
			isa = PBXContainerItemProxy;
			containerPortal = FA5FAA6924F184A2006091ED /* Tweener.xcodeproj */;
			proxyType = 2;
			remoteGlobalIDString = 05E1FA65235B742B00A948F1;
			remoteInfo = "Tweener tvOS";
		};
/* End PBXContainerItemProxy section */

/* Begin PBXCopyFilesBuildPhase section */
		FA71A80D24F0A57200D3E361 /* Embed Frameworks */ = {
			isa = PBXCopyFilesBuildPhase;
			buildActionMask = 2147483647;
			dstPath = "";
			dstSubfolderSpec = 10;
			files = (
			);
			name = "Embed Frameworks";
			runOnlyForDeploymentPostprocessing = 0;
		};
/* End PBXCopyFilesBuildPhase section */

/* Begin PBXFileReference section */
		0521167622D64A0C00806A5B /* LaunchScreen.png */ = {isa = PBXFileReference; lastKnownFileType = image.png; path = LaunchScreen.png; sourceTree = "<group>"; };
		4C78F3372142CDC2005E964B /* Examples.app */ = {isa = PBXFileReference; explicitFileType = wrapper.application; includeInIndex = 0; path = Examples.app; sourceTree = BUILT_PRODUCTS_DIR; };
		4C78F33A2142CDC2005E964B /* AppDelegate.swift */ = {isa = PBXFileReference; lastKnownFileType = sourcecode.swift; path = AppDelegate.swift; sourceTree = "<group>"; };
		4C78F3412142CDC2005E964B /* Assets.xcassets */ = {isa = PBXFileReference; lastKnownFileType = folder.assetcatalog; path = Assets.xcassets; sourceTree = "<group>"; };
		4C78F3442142CDC2005E964B /* Base */ = {isa = PBXFileReference; lastKnownFileType = file.storyboard; name = Base; path = Base.lproj/LaunchScreen.storyboard; sourceTree = "<group>"; };
		4C78F3462142CDC2005E964B /* Info.plist */ = {isa = PBXFileReference; lastKnownFileType = text.plist.xml; path = Info.plist; sourceTree = "<group>"; };
		FA5DBD76251D6DAF00D24FF2 /* WindBlow.swift */ = {isa = PBXFileReference; fileEncoding = 4; lastKnownFileType = sourcecode.swift; path = WindBlow.swift; sourceTree = "<group>"; };
		FA5DBD77251D6DAF00D24FF2 /* CustomEasing.swift */ = {isa = PBXFileReference; fileEncoding = 4; lastKnownFileType = sourcecode.swift; path = CustomEasing.swift; sourceTree = "<group>"; };
		FA5DBD78251D6DAF00D24FF2 /* ChainableTweens.swift */ = {isa = PBXFileReference; fileEncoding = 4; lastKnownFileType = sourcecode.swift; path = ChainableTweens.swift; sourceTree = "<group>"; };
		FA5DBD79251D6DAF00D24FF2 /* CustomTypes.swift */ = {isa = PBXFileReference; fileEncoding = 4; lastKnownFileType = sourcecode.swift; path = CustomTypes.swift; sourceTree = "<group>"; };
		FA5DBD7A251D6DAF00D24FF2 /* TouchPoint.swift */ = {isa = PBXFileReference; fileEncoding = 4; lastKnownFileType = sourcecode.swift; path = TouchPoint.swift; sourceTree = "<group>"; };
		FA5DBD7B251D6DAF00D24FF2 /* Transform3d.swift */ = {isa = PBXFileReference; fileEncoding = 4; lastKnownFileType = sourcecode.swift; path = Transform3d.swift; sourceTree = "<group>"; };
		FA5DBD7C251D6DB000D24FF2 /* DragView.swift */ = {isa = PBXFileReference; fileEncoding = 4; lastKnownFileType = sourcecode.swift; path = DragView.swift; sourceTree = "<group>"; };
		FA5DBD7D251D6DB000D24FF2 /* EaseCurves.swift */ = {isa = PBXFileReference; fileEncoding = 4; lastKnownFileType = sourcecode.swift; path = EaseCurves.swift; sourceTree = "<group>"; };
		FA5DBD7E251D6DB000D24FF2 /* TimelineBasic.swift */ = {isa = PBXFileReference; fileEncoding = 4; lastKnownFileType = sourcecode.swift; path = TimelineBasic.swift; sourceTree = "<group>"; };
		FA5DBD7F251D6DB000D24FF2 /* AnimateText.swift */ = {isa = PBXFileReference; fileEncoding = 4; lastKnownFileType = sourcecode.swift; path = AnimateText.swift; sourceTree = "<group>"; };
		FA5DBD80251D6DB000D24FF2 /* ViewExtensions.swift */ = {isa = PBXFileReference; fileEncoding = 4; lastKnownFileType = sourcecode.swift; path = ViewExtensions.swift; sourceTree = "<group>"; };
		FA5DBD81251D6DB000D24FF2 /* SimpleTimeline.swift */ = {isa = PBXFileReference; fileEncoding = 4; lastKnownFileType = sourcecode.swift; path = SimpleTimeline.swift; sourceTree = "<group>"; };
		FA5DBD82251D6DB000D24FF2 /* TweenHandlers.swift */ = {isa = PBXFileReference; fileEncoding = 4; lastKnownFileType = sourcecode.swift; path = TweenHandlers.swift; sourceTree = "<group>"; };
		FA5DBD83251D6DB000D24FF2 /* CurveInspector.swift */ = {isa = PBXFileReference; fileEncoding = 4; lastKnownFileType = sourcecode.swift; path = CurveInspector.swift; sourceTree = "<group>"; };
		FA5DBD84251D6DB000D24FF2 /* ArcOrbits.swift */ = {isa = PBXFileReference; fileEncoding = 4; lastKnownFileType = sourcecode.swift; path = ArcOrbits.swift; sourceTree = "<group>"; };
		FA5DBD85251D6DB000D24FF2 /* ScrollTimeline.swift */ = {isa = PBXFileReference; fileEncoding = 4; lastKnownFileType = sourcecode.swift; path = ScrollTimeline.swift; sourceTree = "<group>"; };
		FA5DBD86251D6DB000D24FF2 /* ScrollAims.swift */ = {isa = PBXFileReference; fileEncoding = 4; lastKnownFileType = sourcecode.swift; path = ScrollAims.swift; sourceTree = "<group>"; };
		FA5DBD87251D6DB000D24FF2 /* AnimateArcRadius.swift */ = {isa = PBXFileReference; fileEncoding = 4; lastKnownFileType = sourcecode.swift; path = AnimateArcRadius.swift; sourceTree = "<group>"; };
		FA5DBD88251D6DB000D24FF2 /* PauseTweens.swift */ = {isa = PBXFileReference; fileEncoding = 4; lastKnownFileType = sourcecode.swift; path = PauseTweens.swift; sourceTree = "<group>"; };
		FA5DBD89251D6DB000D24FF2 /* PathLoop.swift */ = {isa = PBXFileReference; fileEncoding = 4; lastKnownFileType = sourcecode.swift; path = PathLoop.swift; sourceTree = "<group>"; };
		FA5DBD8A251D6DB000D24FF2 /* SimpleTween.swift */ = {isa = PBXFileReference; fileEncoding = 4; lastKnownFileType = sourcecode.swift; path = SimpleTween.swift; sourceTree = "<group>"; };
		FA5DBDA0251D6F6000D24FF2 /* sun.pdf */ = {isa = PBXFileReference; lastKnownFileType = image.pdf; path = sun.pdf; sourceTree = "<group>"; };
		FA5DBDA1251D6F6000D24FF2 /* little-sun-fire.pdf */ = {isa = PBXFileReference; lastKnownFileType = image.pdf; path = "little-sun-fire.pdf"; sourceTree = "<group>"; };
		FA5DBDA2251D6F6000D24FF2 /* eyepupil.pdf */ = {isa = PBXFileReference; lastKnownFileType = image.pdf; path = eyepupil.pdf; sourceTree = "<group>"; };
		FA5DBDA3251D6F6000D24FF2 /* saturn.pdf */ = {isa = PBXFileReference; lastKnownFileType = image.pdf; path = saturn.pdf; sourceTree = "<group>"; };
		FA5DBDA4251D6F6000D24FF2 /* bb8-body.pdf */ = {isa = PBXFileReference; lastKnownFileType = image.pdf; path = "bb8-body.pdf"; sourceTree = "<group>"; };
		FA5DBDA5251D6F6000D24FF2 /* moon.pdf */ = {isa = PBXFileReference; lastKnownFileType = image.pdf; path = moon.pdf; sourceTree = "<group>"; };
		FA5DBDA6251D6F6000D24FF2 /* rocket.pdf */ = {isa = PBXFileReference; lastKnownFileType = image.pdf; path = rocket.pdf; sourceTree = "<group>"; };
		FA5DBDA7251D6F6000D24FF2 /* fire.pdf */ = {isa = PBXFileReference; lastKnownFileType = image.pdf; path = fire.pdf; sourceTree = "<group>"; };
		FA5DBDA8251D6F6000D24FF2 /* flower.pdf */ = {isa = PBXFileReference; lastKnownFileType = image.pdf; path = flower.pdf; sourceTree = "<group>"; };
		FA5DBDA9251D6F6000D24FF2 /* card.pdf */ = {isa = PBXFileReference; lastKnownFileType = image.pdf; path = card.pdf; sourceTree = "<group>"; };
		FA5DBDAA251D6F6000D24FF2 /* mars.pdf */ = {isa = PBXFileReference; lastKnownFileType = image.pdf; path = mars.pdf; sourceTree = "<group>"; };
		FA5DBDAB251D6F6000D24FF2 /* bb8-head.pdf */ = {isa = PBXFileReference; lastKnownFileType = image.pdf; path = "bb8-head.pdf"; sourceTree = "<group>"; };
		FA5DBDAC251D6F6000D24FF2 /* little-sun.pdf */ = {isa = PBXFileReference; lastKnownFileType = image.pdf; path = "little-sun.pdf"; sourceTree = "<group>"; };
		FA5DBDAD251D6F6000D24FF2 /* stars.pdf */ = {isa = PBXFileReference; lastKnownFileType = image.pdf; path = stars.pdf; sourceTree = "<group>"; };
		FA5DBDAE251D6F6000D24FF2 /* comet.pdf */ = {isa = PBXFileReference; lastKnownFileType = image.pdf; path = comet.pdf; sourceTree = "<group>"; };
		FA5DBDAF251D6F6100D24FF2 /* sand.pdf */ = {isa = PBXFileReference; lastKnownFileType = image.pdf; path = sand.pdf; sourceTree = "<group>"; };
		FA5DBDB0251D6F6100D24FF2 /* jupyter.pdf */ = {isa = PBXFileReference; lastKnownFileType = image.pdf; path = jupyter.pdf; sourceTree = "<group>"; };
		FA5DBDB1251D6F6100D24FF2 /* clouds1.pdf */ = {isa = PBXFileReference; lastKnownFileType = image.pdf; path = clouds1.pdf; sourceTree = "<group>"; };
		FA5DBDB2251D6F6100D24FF2 /* orbits-background.pdf */ = {isa = PBXFileReference; lastKnownFileType = image.pdf; path = "orbits-background.pdf"; sourceTree = "<group>"; };
		FA5DBDB3251D6F6100D24FF2 /* little-earth.pdf */ = {isa = PBXFileReference; lastKnownFileType = image.pdf; path = "little-earth.pdf"; sourceTree = "<group>"; };
		FA5DBDB4251D6F6100D24FF2 /* little-saturn.pdf */ = {isa = PBXFileReference; lastKnownFileType = image.pdf; path = "little-saturn.pdf"; sourceTree = "<group>"; };
		FA5DBDB5251D6F6100D24FF2 /* spaceman.pdf */ = {isa = PBXFileReference; lastKnownFileType = image.pdf; path = spaceman.pdf; sourceTree = "<group>"; };
		FA5DBDB6251D6F6100D24FF2 /* sunny.pdf */ = {isa = PBXFileReference; lastKnownFileType = image.pdf; path = sunny.pdf; sourceTree = "<group>"; };
		FA5DBDB7251D6F6100D24FF2 /* bee.pdf */ = {isa = PBXFileReference; lastKnownFileType = image.pdf; path = bee.pdf; sourceTree = "<group>"; };
		FA5DBDB8251D6F6100D24FF2 /* dart.pdf */ = {isa = PBXFileReference; lastKnownFileType = image.pdf; path = dart.pdf; sourceTree = "<group>"; };
		FA5DBDB9251D6F6100D24FF2 /* clouds2.pdf */ = {isa = PBXFileReference; lastKnownFileType = image.pdf; path = clouds2.pdf; sourceTree = "<group>"; };
		FA5DBDBA251D6F6100D24FF2 /* little-jupyter.pdf */ = {isa = PBXFileReference; lastKnownFileType = image.pdf; path = "little-jupyter.pdf"; sourceTree = "<group>"; };
		FA5DBDBB251D6F6100D24FF2 /* ufo.pdf */ = {isa = PBXFileReference; lastKnownFileType = image.pdf; path = ufo.pdf; sourceTree = "<group>"; };
		FA5DBDBC251D6F6100D24FF2 /* earth.pdf */ = {isa = PBXFileReference; lastKnownFileType = image.pdf; path = earth.pdf; sourceTree = "<group>"; };
		FA5DBDBD251D6F6100D24FF2 /* clouds3.pdf */ = {isa = PBXFileReference; lastKnownFileType = image.pdf; path = clouds3.pdf; sourceTree = "<group>"; };
		FA5FAA6924F184A2006091ED /* Tweener.xcodeproj */ = {isa = PBXFileReference; lastKnownFileType = "wrapper.pb-project"; name = Tweener.xcodeproj; path = ../Tweener.xcodeproj; sourceTree = "<group>"; };
/* End PBXFileReference section */

/* Begin PBXFrameworksBuildPhase section */
		4C78F3342142CDC2005E964B /* Frameworks */ = {
			isa = PBXFrameworksBuildPhase;
			buildActionMask = 2147483647;
			files = (
			);
			runOnlyForDeploymentPostprocessing = 0;
		};
/* End PBXFrameworksBuildPhase section */

/* Begin PBXGroup section */
		4C78F32E2142CDC1005E964B = {
			isa = PBXGroup;
			children = (
				4C78F3392142CDC2005E964B /* Examples */,
				4CF9833D214318AC00F1C23E /* Resources */,
				4C78F3382142CDC2005E964B /* Products */,
				FA5FAA6924F184A2006091ED /* Tweener.xcodeproj */,
			);
			sourceTree = "<group>";
		};
		4C78F3382142CDC2005E964B /* Products */ = {
			isa = PBXGroup;
			children = (
				4C78F3372142CDC2005E964B /* Examples.app */,
			);
			name = Products;
			sourceTree = "<group>";
		};
		4C78F3392142CDC2005E964B /* Examples */ = {
			isa = PBXGroup;
			children = (
				0521167622D64A0C00806A5B /* LaunchScreen.png */,
				4C78F33A2142CDC2005E964B /* AppDelegate.swift */,
				FA5DBD87251D6DB000D24FF2 /* AnimateArcRadius.swift */,
				FA5DBD7F251D6DB000D24FF2 /* AnimateText.swift */,
				FA5DBD84251D6DB000D24FF2 /* ArcOrbits.swift */,
				FA5DBD78251D6DAF00D24FF2 /* ChainableTweens.swift */,
				FA5DBD83251D6DB000D24FF2 /* CurveInspector.swift */,
				FA5DBD77251D6DAF00D24FF2 /* CustomEasing.swift */,
				FA5DBD79251D6DAF00D24FF2 /* CustomTypes.swift */,
				FA5DBD7C251D6DB000D24FF2 /* DragView.swift */,
				FA5DBD7D251D6DB000D24FF2 /* EaseCurves.swift */,
				FA5DBD89251D6DB000D24FF2 /* PathLoop.swift */,
				FA5DBD88251D6DB000D24FF2 /* PauseTweens.swift */,
				FA5DBD86251D6DB000D24FF2 /* ScrollAims.swift */,
				FA5DBD85251D6DB000D24FF2 /* ScrollTimeline.swift */,
				FA5DBD81251D6DB000D24FF2 /* SimpleTimeline.swift */,
				FA5DBD8A251D6DB000D24FF2 /* SimpleTween.swift */,
				FA5DBD7E251D6DB000D24FF2 /* TimelineBasic.swift */,
				FA5DBD7A251D6DAF00D24FF2 /* TouchPoint.swift */,
				FA5DBD7B251D6DAF00D24FF2 /* Transform3d.swift */,
				FA5DBD82251D6DB000D24FF2 /* TweenHandlers.swift */,
				FA5DBD80251D6DB000D24FF2 /* ViewExtensions.swift */,
				FA5DBD76251D6DAF00D24FF2 /* WindBlow.swift */,
				4C78F3432142CDC2005E964B /* LaunchScreen.storyboard */,
				4C78F3412142CDC2005E964B /* Assets.xcassets */,
				4C78F3462142CDC2005E964B /* Info.plist */,
			);
			path = Examples;
			sourceTree = "<group>";
		};
		4CF9833D214318AC00F1C23E /* Resources */ = {
			isa = PBXGroup;
			children = (
				FA5DBDA4251D6F6000D24FF2 /* bb8-body.pdf */,
				FA5DBDAB251D6F6000D24FF2 /* bb8-head.pdf */,
				FA5DBDB7251D6F6100D24FF2 /* bee.pdf */,
				FA5DBDA9251D6F6000D24FF2 /* card.pdf */,
				FA5DBDB1251D6F6100D24FF2 /* clouds1.pdf */,
				FA5DBDB9251D6F6100D24FF2 /* clouds2.pdf */,
				FA5DBDBD251D6F6100D24FF2 /* clouds3.pdf */,
				FA5DBDAE251D6F6000D24FF2 /* comet.pdf */,
				FA5DBDB8251D6F6100D24FF2 /* dart.pdf */,
				FA5DBDBC251D6F6100D24FF2 /* earth.pdf */,
				FA5DBDA2251D6F6000D24FF2 /* eyepupil.pdf */,
				FA5DBDA7251D6F6000D24FF2 /* fire.pdf */,
				FA5DBDA8251D6F6000D24FF2 /* flower.pdf */,
				FA5DBDB0251D6F6100D24FF2 /* jupyter.pdf */,
				FA5DBDB3251D6F6100D24FF2 /* little-earth.pdf */,
				FA5DBDBA251D6F6100D24FF2 /* little-jupyter.pdf */,
				FA5DBDB4251D6F6100D24FF2 /* little-saturn.pdf */,
				FA5DBDA1251D6F6000D24FF2 /* little-sun-fire.pdf */,
				FA5DBDAC251D6F6000D24FF2 /* little-sun.pdf */,
				FA5DBDAA251D6F6000D24FF2 /* mars.pdf */,
				FA5DBDA5251D6F6000D24FF2 /* moon.pdf */,
				FA5DBDB2251D6F6100D24FF2 /* orbits-background.pdf */,
				FA5DBDA6251D6F6000D24FF2 /* rocket.pdf */,
				FA5DBDAF251D6F6100D24FF2 /* sand.pdf */,
				FA5DBDA3251D6F6000D24FF2 /* saturn.pdf */,
				FA5DBDB5251D6F6100D24FF2 /* spaceman.pdf */,
				FA5DBDAD251D6F6000D24FF2 /* stars.pdf */,
				FA5DBDA0251D6F6000D24FF2 /* sun.pdf */,
				FA5DBDB6251D6F6100D24FF2 /* sunny.pdf */,
				FA5DBDBB251D6F6100D24FF2 /* ufo.pdf */,
			);
			path = Resources;
			sourceTree = SOURCE_ROOT;
		};
		FA5FAA6A24F184A2006091ED /* Products */ = {
			isa = PBXGroup;
			children = (
				FA5FAA7124F184A2006091ED /* Tweener.framework */,
				FA5FAA7324F184A2006091ED /* Tweener.framework */,
				FA5FAA7524F184A2006091ED /* Tweener.framework */,
				FA5FAA7724F184A2006091ED /* Tweener.framework */,
			);
			name = Products;
			sourceTree = "<group>";
		};
/* End PBXGroup section */

/* Begin PBXNativeTarget section */
		4C78F3362142CDC2005E964B /* Examples */ = {
			isa = PBXNativeTarget;
			buildConfigurationList = 4C78F3492142CDC2005E964B /* Build configuration list for PBXNativeTarget "Examples" */;
			buildPhases = (
				4C78F3332142CDC2005E964B /* Sources */,
				4C78F3342142CDC2005E964B /* Frameworks */,
				4C78F3352142CDC2005E964B /* Resources */,
				FA71A80D24F0A57200D3E361 /* Embed Frameworks */,
			);
			buildRules = (
			);
			dependencies = (
			);
			name = Examples;
			productName = Examples;
			productReference = 4C78F3372142CDC2005E964B /* Examples.app */;
			productType = "com.apple.product-type.application";
		};
/* End PBXNativeTarget section */

/* Begin PBXProject section */
		4C78F32F2142CDC1005E964B /* Project object */ = {
			isa = PBXProject;
			attributes = {
				LastSwiftUpdateCheck = 0940;
				LastUpgradeCheck = 0940;
				ORGANIZATIONNAME = "Alejandro Ramirez Varela";
				TargetAttributes = {
					4C78F3362142CDC2005E964B = {
						CreatedOnToolsVersion = 9.4.1;
						LastSwiftMigration = 1010;
					};
				};
			};
			buildConfigurationList = 4C78F3322142CDC1005E964B /* Build configuration list for PBXProject "Examples" */;
			compatibilityVersion = "Xcode 9.3";
			developmentRegion = en;
			hasScannedForEncodings = 0;
			knownRegions = (
				en,
				Base,
			);
			mainGroup = 4C78F32E2142CDC1005E964B;
			productRefGroup = 4C78F3382142CDC2005E964B /* Products */;
			projectDirPath = "";
			projectReferences = (
				{
					ProductGroup = FA5FAA6A24F184A2006091ED /* Products */;
					ProjectRef = FA5FAA6924F184A2006091ED /* Tweener.xcodeproj */;
				},
			);
			projectRoot = "";
			targets = (
				4C78F3362142CDC2005E964B /* Examples */,
			);
		};
/* End PBXProject section */

/* Begin PBXReferenceProxy section */
		FA5FAA7124F184A2006091ED /* Tweener.framework */ = {
			isa = PBXReferenceProxy;
			fileType = wrapper.framework;
			path = Tweener.framework;
			remoteRef = FA5FAA7024F184A2006091ED /* PBXContainerItemProxy */;
			sourceTree = BUILT_PRODUCTS_DIR;
		};
		FA5FAA7324F184A2006091ED /* Tweener.framework */ = {
			isa = PBXReferenceProxy;
			fileType = wrapper.framework;
			path = Tweener.framework;
			remoteRef = FA5FAA7224F184A2006091ED /* PBXContainerItemProxy */;
			sourceTree = BUILT_PRODUCTS_DIR;
		};
		FA5FAA7524F184A2006091ED /* Tweener.framework */ = {
			isa = PBXReferenceProxy;
			fileType = wrapper.framework;
			path = Tweener.framework;
			remoteRef = FA5FAA7424F184A2006091ED /* PBXContainerItemProxy */;
			sourceTree = BUILT_PRODUCTS_DIR;
		};
		FA5FAA7724F184A2006091ED /* Tweener.framework */ = {
			isa = PBXReferenceProxy;
			fileType = wrapper.framework;
			path = Tweener.framework;
			remoteRef = FA5FAA7624F184A2006091ED /* PBXContainerItemProxy */;
			sourceTree = BUILT_PRODUCTS_DIR;
		};
/* End PBXReferenceProxy section */

/* Begin PBXResourcesBuildPhase section */
		4C78F3352142CDC2005E964B /* Resources */ = {
			isa = PBXResourcesBuildPhase;
			buildActionMask = 2147483647;
			files = (
				FA5DBDD8251D6F6100D24FF2 /* little-jupyter.pdf in Resources */,
				4C78F3452142CDC2005E964B /* LaunchScreen.storyboard in Resources */,
				FA5DBDD2251D6F6100D24FF2 /* little-saturn.pdf in Resources */,
				FA5DBDC9251D6F6100D24FF2 /* bb8-head.pdf in Resources */,
				FA5DBDC1251D6F6100D24FF2 /* saturn.pdf in Resources */,
				FA5DBDDB251D6F6100D24FF2 /* clouds3.pdf in Resources */,
				FA5DBDDA251D6F6100D24FF2 /* earth.pdf in Resources */,
				FA5DBDBE251D6F6100D24FF2 /* sun.pdf in Resources */,
				FA5DBDC2251D6F6100D24FF2 /* bb8-body.pdf in Resources */,
				4C78F3422142CDC2005E964B /* Assets.xcassets in Resources */,
				FA5DBDD6251D6F6100D24FF2 /* dart.pdf in Resources */,
				FA5DBDCE251D6F6100D24FF2 /* jupyter.pdf in Resources */,
				FA5DBDC7251D6F6100D24FF2 /* card.pdf in Resources */,
				FA5DBDCA251D6F6100D24FF2 /* little-sun.pdf in Resources */,
				FA5DBDD4251D6F6100D24FF2 /* sunny.pdf in Resources */,
				FA5DBDC5251D6F6100D24FF2 /* fire.pdf in Resources */,
				FA5DBDCD251D6F6100D24FF2 /* sand.pdf in Resources */,
				FA5DBDCC251D6F6100D24FF2 /* comet.pdf in Resources */,
				FA5DBDCB251D6F6100D24FF2 /* stars.pdf in Resources */,
				FA5DBDD1251D6F6100D24FF2 /* little-earth.pdf in Resources */,
				FA5DBDC0251D6F6100D24FF2 /* eyepupil.pdf in Resources */,
				FA5DBDC4251D6F6100D24FF2 /* rocket.pdf in Resources */,
				FA5DBDC8251D6F6100D24FF2 /* mars.pdf in Resources */,
				FA5DBDBF251D6F6100D24FF2 /* little-sun-fire.pdf in Resources */,
				FA5DBDD3251D6F6100D24FF2 /* spaceman.pdf in Resources */,
				FA5DBDD5251D6F6100D24FF2 /* bee.pdf in Resources */,
				FA5DBDD0251D6F6100D24FF2 /* orbits-background.pdf in Resources */,
				FA5DBDC6251D6F6100D24FF2 /* flower.pdf in Resources */,
				FA5DBDD7251D6F6100D24FF2 /* clouds2.pdf in Resources */,
				0521167722D64A0C00806A5B /* LaunchScreen.png in Resources */,
				FA5DBDD9251D6F6100D24FF2 /* ufo.pdf in Resources */,
				FA5DBDC3251D6F6100D24FF2 /* moon.pdf in Resources */,
				FA5DBDCF251D6F6100D24FF2 /* clouds1.pdf in Resources */,
			);
			runOnlyForDeploymentPostprocessing = 0;
		};
/* End PBXResourcesBuildPhase section */

/* Begin PBXSourcesBuildPhase section */
		4C78F3332142CDC2005E964B /* Sources */ = {
			isa = PBXSourcesBuildPhase;
			buildActionMask = 2147483647;
			files = (
				FA5DBD8C251D6DB000D24FF2 /* CustomEasing.swift in Sources */,
				FA5DBD8E251D6DB000D24FF2 /* CustomTypes.swift in Sources */,
				FA5DBD91251D6DB000D24FF2 /* DragView.swift in Sources */,
				FA5DBD9A251D6DB000D24FF2 /* ScrollTimeline.swift in Sources */,
				FA5DBD9B251D6DB000D24FF2 /* ScrollAims.swift in Sources */,
				FA5DBD99251D6DB000D24FF2 /* ArcOrbits.swift in Sources */,
				FA5DBD9C251D6DB000D24FF2 /* AnimateArcRadius.swift in Sources */,
				FA5DBD90251D6DB000D24FF2 /* Transform3d.swift in Sources */,
				FA5DBD97251D6DB000D24FF2 /* TweenHandlers.swift in Sources */,
				FA5DBD8D251D6DB000D24FF2 /* ChainableTweens.swift in Sources */,
				FA5DBD92251D6DB000D24FF2 /* EaseCurves.swift in Sources */,
				4C78F33B2142CDC2005E964B /* AppDelegate.swift in Sources */,
				FA5DBD9D251D6DB000D24FF2 /* PauseTweens.swift in Sources */,
				FA5DBD9E251D6DB000D24FF2 /* PathLoop.swift in Sources */,
				FA5DBD94251D6DB000D24FF2 /* AnimateText.swift in Sources */,
				FA5DBD8F251D6DB000D24FF2 /* TouchPoint.swift in Sources */,
				FA5DBD96251D6DB000D24FF2 /* SimpleTimeline.swift in Sources */,
				FA5DBD9F251D6DB000D24FF2 /* SimpleTween.swift in Sources */,
				FA5DBD98251D6DB000D24FF2 /* CurveInspector.swift in Sources */,
				FA5DBD8B251D6DB000D24FF2 /* WindBlow.swift in Sources */,
				FA5DBD95251D6DB000D24FF2 /* ViewExtensions.swift in Sources */,
				FA5DBD93251D6DB000D24FF2 /* TimelineBasic.swift in Sources */,
			);
			runOnlyForDeploymentPostprocessing = 0;
		};
/* End PBXSourcesBuildPhase section */

/* Begin PBXVariantGroup section */
		4C78F3432142CDC2005E964B /* LaunchScreen.storyboard */ = {
			isa = PBXVariantGroup;
			children = (
				4C78F3442142CDC2005E964B /* Base */,
			);
			name = LaunchScreen.storyboard;
			sourceTree = "<group>";
		};
/* End PBXVariantGroup section */

/* Begin XCBuildConfiguration section */
		4C78F3472142CDC2005E964B /* Debug */ = {
			isa = XCBuildConfiguration;
			buildSettings = {
				ALWAYS_SEARCH_USER_PATHS = NO;
				CLANG_ANALYZER_NONNULL = YES;
				CLANG_ANALYZER_NUMBER_OBJECT_CONVERSION = YES_AGGRESSIVE;
				CLANG_CXX_LANGUAGE_STANDARD = "gnu++14";
				CLANG_CXX_LIBRARY = "libc++";
				CLANG_ENABLE_MODULES = YES;
				CLANG_ENABLE_OBJC_ARC = YES;
				CLANG_ENABLE_OBJC_WEAK = YES;
				CLANG_WARN_BLOCK_CAPTURE_AUTORELEASING = YES;
				CLANG_WARN_BOOL_CONVERSION = YES;
				CLANG_WARN_COMMA = YES;
				CLANG_WARN_CONSTANT_CONVERSION = YES;
				CLANG_WARN_DEPRECATED_OBJC_IMPLEMENTATIONS = YES;
				CLANG_WARN_DIRECT_OBJC_ISA_USAGE = YES_ERROR;
				CLANG_WARN_DOCUMENTATION_COMMENTS = YES;
				CLANG_WARN_EMPTY_BODY = YES;
				CLANG_WARN_ENUM_CONVERSION = YES;
				CLANG_WARN_INFINITE_RECURSION = YES;
				CLANG_WARN_INT_CONVERSION = YES;
				CLANG_WARN_NON_LITERAL_NULL_CONVERSION = YES;
				CLANG_WARN_OBJC_IMPLICIT_RETAIN_SELF = YES;
				CLANG_WARN_OBJC_LITERAL_CONVERSION = YES;
				CLANG_WARN_OBJC_ROOT_CLASS = YES_ERROR;
				CLANG_WARN_RANGE_LOOP_ANALYSIS = YES;
				CLANG_WARN_STRICT_PROTOTYPES = YES;
				CLANG_WARN_SUSPICIOUS_MOVE = YES;
				CLANG_WARN_UNGUARDED_AVAILABILITY = YES_AGGRESSIVE;
				CLANG_WARN_UNREACHABLE_CODE = YES;
				CLANG_WARN__DUPLICATE_METHOD_MATCH = YES;
				CODE_SIGN_IDENTITY = "iPhone Developer";
				COPY_PHASE_STRIP = NO;
				DEBUG_INFORMATION_FORMAT = dwarf;
				ENABLE_STRICT_OBJC_MSGSEND = YES;
				ENABLE_TESTABILITY = YES;
				GCC_C_LANGUAGE_STANDARD = gnu11;
				GCC_DYNAMIC_NO_PIC = NO;
				GCC_NO_COMMON_BLOCKS = YES;
				GCC_OPTIMIZATION_LEVEL = 0;
				GCC_PREPROCESSOR_DEFINITIONS = (
					"DEBUG=1",
					"$(inherited)",
				);
				GCC_WARN_64_TO_32_BIT_CONVERSION = YES;
				GCC_WARN_ABOUT_RETURN_TYPE = YES_ERROR;
				GCC_WARN_UNDECLARED_SELECTOR = YES;
				GCC_WARN_UNINITIALIZED_AUTOS = YES_AGGRESSIVE;
				GCC_WARN_UNUSED_FUNCTION = YES;
				GCC_WARN_UNUSED_VARIABLE = YES;
				IPHONEOS_DEPLOYMENT_TARGET = 11.0;
				MTL_ENABLE_DEBUG_INFO = YES;
				ONLY_ACTIVE_ARCH = YES;
				SDKROOT = iphoneos;
				SWIFT_ACTIVE_COMPILATION_CONDITIONS = DEBUG;
				SWIFT_OPTIMIZATION_LEVEL = "-Onone";
			};
			name = Debug;
		};
		4C78F3482142CDC2005E964B /* Release */ = {
			isa = XCBuildConfiguration;
			buildSettings = {
				ALWAYS_SEARCH_USER_PATHS = NO;
				CLANG_ANALYZER_NONNULL = YES;
				CLANG_ANALYZER_NUMBER_OBJECT_CONVERSION = YES_AGGRESSIVE;
				CLANG_CXX_LANGUAGE_STANDARD = "gnu++14";
				CLANG_CXX_LIBRARY = "libc++";
				CLANG_ENABLE_MODULES = YES;
				CLANG_ENABLE_OBJC_ARC = YES;
				CLANG_ENABLE_OBJC_WEAK = YES;
				CLANG_WARN_BLOCK_CAPTURE_AUTORELEASING = YES;
				CLANG_WARN_BOOL_CONVERSION = YES;
				CLANG_WARN_COMMA = YES;
				CLANG_WARN_CONSTANT_CONVERSION = YES;
				CLANG_WARN_DEPRECATED_OBJC_IMPLEMENTATIONS = YES;
				CLANG_WARN_DIRECT_OBJC_ISA_USAGE = YES_ERROR;
				CLANG_WARN_DOCUMENTATION_COMMENTS = YES;
				CLANG_WARN_EMPTY_BODY = YES;
				CLANG_WARN_ENUM_CONVERSION = YES;
				CLANG_WARN_INFINITE_RECURSION = YES;
				CLANG_WARN_INT_CONVERSION = YES;
				CLANG_WARN_NON_LITERAL_NULL_CONVERSION = YES;
				CLANG_WARN_OBJC_IMPLICIT_RETAIN_SELF = YES;
				CLANG_WARN_OBJC_LITERAL_CONVERSION = YES;
				CLANG_WARN_OBJC_ROOT_CLASS = YES_ERROR;
				CLANG_WARN_RANGE_LOOP_ANALYSIS = YES;
				CLANG_WARN_STRICT_PROTOTYPES = YES;
				CLANG_WARN_SUSPICIOUS_MOVE = YES;
				CLANG_WARN_UNGUARDED_AVAILABILITY = YES_AGGRESSIVE;
				CLANG_WARN_UNREACHABLE_CODE = YES;
				CLANG_WARN__DUPLICATE_METHOD_MATCH = YES;
				CODE_SIGN_IDENTITY = "iPhone Developer";
				COPY_PHASE_STRIP = NO;
				DEBUG_INFORMATION_FORMAT = "dwarf-with-dsym";
				ENABLE_NS_ASSERTIONS = NO;
				ENABLE_STRICT_OBJC_MSGSEND = YES;
				GCC_C_LANGUAGE_STANDARD = gnu11;
				GCC_NO_COMMON_BLOCKS = YES;
				GCC_WARN_64_TO_32_BIT_CONVERSION = YES;
				GCC_WARN_ABOUT_RETURN_TYPE = YES_ERROR;
				GCC_WARN_UNDECLARED_SELECTOR = YES;
				GCC_WARN_UNINITIALIZED_AUTOS = YES_AGGRESSIVE;
				GCC_WARN_UNUSED_FUNCTION = YES;
				GCC_WARN_UNUSED_VARIABLE = YES;
				IPHONEOS_DEPLOYMENT_TARGET = 11.0;
				MTL_ENABLE_DEBUG_INFO = NO;
				SDKROOT = iphoneos;
				SWIFT_COMPILATION_MODE = wholemodule;
				SWIFT_OPTIMIZATION_LEVEL = "-O";
				VALIDATE_PRODUCT = YES;
			};
			name = Release;
		};
		4C78F34A2142CDC2005E964B /* Debug */ = {
			isa = XCBuildConfiguration;
			buildSettings = {
				ASSETCATALOG_COMPILER_APPICON_NAME = AppIcon;
				CODE_SIGN_IDENTITY = "iPhone Developer";
				CODE_SIGN_STYLE = Manual;
				DEVELOPMENT_TEAM = "";
				FRAMEWORK_SEARCH_PATHS = (
					"$(inherited)",
					"$(PROJECT_DIR)/Examples",
				);
				INFOPLIST_FILE = Examples/Info.plist;
				IPHONEOS_DEPLOYMENT_TARGET = 12.1;
				LD_RUNPATH_SEARCH_PATHS = (
					"$(inherited)",
					"@executable_path/Frameworks",
				);
				PRODUCT_BUNDLE_IDENTIFIER = com.Examples;
				PRODUCT_NAME = "$(TARGET_NAME)";
				PROVISIONING_PROFILE_SPECIFIER = "";
				SWIFT_VERSION = 5.0;
				TARGETED_DEVICE_FAMILY = "1,2";
			};
			name = Debug;
		};
		4C78F34B2142CDC2005E964B /* Release */ = {
			isa = XCBuildConfiguration;
			buildSettings = {
				ASSETCATALOG_COMPILER_APPICON_NAME = AppIcon;
				CODE_SIGN_IDENTITY = "iPhone Developer";
				CODE_SIGN_STYLE = Manual;
				DEVELOPMENT_TEAM = "";
				FRAMEWORK_SEARCH_PATHS = (
					"$(inherited)",
					"$(PROJECT_DIR)/Examples",
				);
				INFOPLIST_FILE = Examples/Info.plist;
				IPHONEOS_DEPLOYMENT_TARGET = 12.1;
				LD_RUNPATH_SEARCH_PATHS = (
					"$(inherited)",
					"@executable_path/Frameworks",
				);
				PRODUCT_BUNDLE_IDENTIFIER = com.Examples;
				PRODUCT_NAME = "$(TARGET_NAME)";
				PROVISIONING_PROFILE_SPECIFIER = "";
				SWIFT_VERSION = 5.0;
				TARGETED_DEVICE_FAMILY = "1,2";
			};
			name = Release;
		};
/* End XCBuildConfiguration section */

/* Begin XCConfigurationList section */
		4C78F3322142CDC1005E964B /* Build configuration list for PBXProject "Examples" */ = {
			isa = XCConfigurationList;
			buildConfigurations = (
				4C78F3472142CDC2005E964B /* Debug */,
				4C78F3482142CDC2005E964B /* Release */,
			);
			defaultConfigurationIsVisible = 0;
			defaultConfigurationName = Release;
		};
		4C78F3492142CDC2005E964B /* Build configuration list for PBXNativeTarget "Examples" */ = {
			isa = XCConfigurationList;
			buildConfigurations = (
				4C78F34A2142CDC2005E964B /* Debug */,
				4C78F34B2142CDC2005E964B /* Release */,
			);
			defaultConfigurationIsVisible = 0;
			defaultConfigurationName = Release;
		};
/* End XCConfigurationList section */
	};
	rootObject = 4C78F32F2142CDC1005E964B /* Project object */;
}
